
Microsoft Visual Studio Solution File, Format Version 12.00
# Visual Studio 15
VisualStudioVersion = 15.0.28307.572
MinimumVisualStudioVersion = 10.0.40219.1
Project("{A0786B88-2ADB-4C21-ABE8-AA2D79766269}") = "Credipaz.Mobile.SML", "Credipaz.Mobile.SML.phpproj", "{B62F752D-661A-4E38-A912-7738CEC46087}"
EndProject
Global
	GlobalSection(SolutionConfigurationPlatforms) = preSolution
		Debug|Any CPU = Debug|Any CPU
		Release|Any CPU = Release|Any CPU
	EndGlobalSection
	GlobalSection(ProjectConfigurationPlatforms) = postSolution
		{B62F752D-661A-4E38-A912-7738CEC46087}.Debug|Any CPU.ActiveCfg = Debug|Any CPU
		{B62F752D-661A-4E38-A912-7738CEC46087}.Release|Any CPU.ActiveCfg = Release|Any CPU
	EndGlobalSection
	GlobalSection(SolutionProperties) = preSolution
		HideSolutionNode = FALSE
	EndGlobalSection
	GlobalSection(ExtensibilityGlobals) = postSolution
		SolutionGuid = {A1AFE208-74A3-44D2-AF03-CF17D8892476}
	EndGlobalSection
EndGlobal
